
Microsoft Visual Studio Solution File, Format Version 12.00
# Visual Studio Version 16
VisualStudioVersion = 16.0.31112.23
MinimumVisualStudioVersion = 10.0.40219.1
Project("{FAE04EC0-301F-11D3-BF4B-00C04F79EFBC}") = "pizzaOrderApplication", "pizzaOrderApplication.csproj", "{DD93CB9F-3FBA-4A34-92FE-E09DA6D2B28A}"
EndProject
Global
	GlobalSection(SolutionConfigurationPlatforms) = preSolution
		Debug|Any CPU = Debug|Any CPU
		Release|Any CPU = Release|Any CPU
	EndGlobalSection
	GlobalSection(ProjectConfigurationPlatforms) = postSolution
		{DD93CB9F-3FBA-4A34-92FE-E09DA6D2B28A}.Debug|Any CPU.ActiveCfg = Debug|Any CPU
		{DD93CB9F-3FBA-4A34-92FE-E09DA6D2B28A}.Debug|Any CPU.Build.0 = Debug|Any CPU
		{DD93CB9F-3FBA-4A34-92FE-E09DA6D2B28A}.Release|Any CPU.ActiveCfg = Release|Any CPU
		{DD93CB9F-3FBA-4A34-92FE-E09DA6D2B28A}.Release|Any CPU.Build.0 = Release|Any CPU
	EndGlobalSection
	GlobalSection(SolutionProperties) = preSolution
		HideSolutionNode = FALSE
	EndGlobalSection
	GlobalSection(ExtensibilityGlobals) = postSolution
		SolutionGuid = {67968DA6-19F3-49D8-8570-DB3C4575E1C2}
	EndGlobalSection
EndGlobal
